// !$*UTF8*$!
{
	archiveVersion = 1;
	classes = {
	};
	objectVersion = 46;
	objects = {

/* Begin PBXBuildFile section */
		E12215411A9DFBC900F6E1CD /* main.m in Sources */ = {isa = PBXBuildFile; fileRef = E12215401A9DFBC900F6E1CD /* main.m */; };
		E12215441A9DFBC900F6E1CD /* AppDelegate.m in Sources */ = {isa = PBXBuildFile; fileRef = E12215431A9DFBC900F6E1CD /* AppDelegate.m */; };
		E12215471A9DFBC900F6E1CD /* ViewController.m in Sources */ = {isa = PBXBuildFile; fileRef = E12215461A9DFBC900F6E1CD /* ViewController.m */; };
		E122154A1A9DFBC900F6E1CD /* Main.storyboard in Resources */ = {isa = PBXBuildFile; fileRef = E12215481A9DFBC900F6E1CD /* Main.storyboard */; };
		E122154C1A9DFBC900F6E1CD /* Images.xcassets in Resources */ = {isa = PBXBuildFile; fileRef = E122154B1A9DFBC900F6E1CD /* Images.xcassets */; };
		E122154F1A9DFBC900F6E1CD /* LaunchScreen.xib in Resources */ = {isa = PBXBuildFile; fileRef = E122154D1A9DFBC900F6E1CD /* LaunchScreen.xib */; };
		E122155B1A9DFBC900F6E1CD /* MagnetDynamicTableTests.m in Sources */ = {isa = PBXBuildFile; fileRef = E122155A1A9DFBC900F6E1CD /* MagnetDynamicTableTests.m */; };
		E122156D1A9DFC2E00F6E1CD /* DynamicTable.m in Sources */ = {isa = PBXBuildFile; fileRef = E122156C1A9DFC2E00F6E1CD /* DynamicTable.m */; };
		E12215701A9DFE3F00F6E1CD /* TableViewController.m in Sources */ = {isa = PBXBuildFile; fileRef = E122156F1A9DFE3F00F6E1CD /* TableViewController.m */; };
/* End PBXBuildFile section */

/* Begin PBXContainerItemProxy section */
		E12215551A9DFBC900F6E1CD /* PBXContainerItemProxy */ = {
			isa = PBXContainerItemProxy;
			containerPortal = E12215331A9DFBC900F6E1CD /* Project object */;
			proxyType = 1;
			remoteGlobalIDString = E122153A1A9DFBC900F6E1CD;
			remoteInfo = MagnetDynamicTable;
		};
/* End PBXContainerItemProxy section */

/* Begin PBXFileReference section */
		E122153B1A9DFBC900F6E1CD /* MagnetDynamicTable.app */ = {isa = PBXFileReference; explicitFileType = wrapper.application; includeInIndex = 0; path = MagnetDynamicTable.app; sourceTree = BUILT_PRODUCTS_DIR; };
		E122153F1A9DFBC900F6E1CD /* Info.plist */ = {isa = PBXFileReference; lastKnownFileType = text.plist.xml; path = Info.plist; sourceTree = "<group>"; };
		E12215401A9DFBC900F6E1CD /* main.m */ = {isa = PBXFileReference; lastKnownFileType = sourcecode.c.objc; path = main.m; sourceTree = "<group>"; };
		E12215421A9DFBC900F6E1CD /* AppDelegate.h */ = {isa = PBXFileReference; lastKnownFileType = sourcecode.c.h; path = AppDelegate.h; sourceTree = "<group>"; };
		E12215431A9DFBC900F6E1CD /* AppDelegate.m */ = {isa = PBXFileReference; lastKnownFileType = sourcecode.c.objc; path = AppDelegate.m; sourceTree = "<group>"; };
		E12215451A9DFBC900F6E1CD /* ViewController.h */ = {isa = PBXFileReference; lastKnownFileType = sourcecode.c.h; path = ViewController.h; sourceTree = "<group>"; };
		E12215461A9DFBC900F6E1CD /* ViewController.m */ = {isa = PBXFileReference; lastKnownFileType = sourcecode.c.objc; path = ViewController.m; sourceTree = "<group>"; };
		E12215491A9DFBC900F6E1CD /* Base */ = {isa = PBXFileReference; lastKnownFileType = file.storyboard; name = Base; path = Base.lproj/Main.storyboard; sourceTree = "<group>"; };
		E122154B1A9DFBC900F6E1CD /* Images.xcassets */ = {isa = PBXFileReference; lastKnownFileType = folder.assetcatalog; path = Images.xcassets; sourceTree = "<group>"; };
		E122154E1A9DFBC900F6E1CD /* Base */ = {isa = PBXFileReference; lastKnownFileType = file.xib; name = Base; path = Base.lproj/LaunchScreen.xib; sourceTree = "<group>"; };
		E12215541A9DFBC900F6E1CD /* MagnetDynamicTableTests.xctest */ = {isa = PBXFileReference; explicitFileType = wrapper.cfbundle; includeInIndex = 0; path = MagnetDynamicTableTests.xctest; sourceTree = BUILT_PRODUCTS_DIR; };
		E12215591A9DFBC900F6E1CD /* Info.plist */ = {isa = PBXFileReference; lastKnownFileType = text.plist.xml; path = Info.plist; sourceTree = "<group>"; };
		E122155A1A9DFBC900F6E1CD /* MagnetDynamicTableTests.m */ = {isa = PBXFileReference; lastKnownFileType = sourcecode.c.objc; path = MagnetDynamicTableTests.m; sourceTree = "<group>"; };
		E122156B1A9DFC2E00F6E1CD /* DynamicTable.h */ = {isa = PBXFileReference; fileEncoding = 4; lastKnownFileType = sourcecode.c.h; path = DynamicTable.h; sourceTree = "<group>"; };
		E122156C1A9DFC2E00F6E1CD /* DynamicTable.m */ = {isa = PBXFileReference; fileEncoding = 4; lastKnownFileType = sourcecode.c.objc; path = DynamicTable.m; sourceTree = "<group>"; };
		E122156E1A9DFE3F00F6E1CD /* TableViewController.h */ = {isa = PBXFileReference; fileEncoding = 4; lastKnownFileType = sourcecode.c.h; path = TableViewController.h; sourceTree = "<group>"; };
		E122156F1A9DFE3F00F6E1CD /* TableViewController.m */ = {isa = PBXFileReference; fileEncoding = 4; lastKnownFileType = sourcecode.c.objc; path = TableViewController.m; sourceTree = "<group>"; };
/* End PBXFileReference section */

/* Begin PBXFrameworksBuildPhase section */
		E12215381A9DFBC900F6E1CD /* Frameworks */ = {
			isa = PBXFrameworksBuildPhase;
			buildActionMask = 2147483647;
			files = (
			);
			runOnlyForDeploymentPostprocessing = 0;
		};
		E12215511A9DFBC900F6E1CD /* Frameworks */ = {
			isa = PBXFrameworksBuildPhase;
			buildActionMask = 2147483647;
			files = (
			);
			runOnlyForDeploymentPostprocessing = 0;
		};
/* End PBXFrameworksBuildPhase section */

/* Begin PBXGroup section */
		E12215321A9DFBC800F6E1CD = {
			isa = PBXGroup;
			children = (
				E122153D1A9DFBC900F6E1CD /* MagnetDynamicTable */,
				E12215571A9DFBC900F6E1CD /* MagnetDynamicTableTests */,
				E122153C1A9DFBC900F6E1CD /* Products */,
			);
			sourceTree = "<group>";
		};
		E122153C1A9DFBC900F6E1CD /* Products */ = {
			isa = PBXGroup;
			children = (
				E122153B1A9DFBC900F6E1CD /* MagnetDynamicTable.app */,
				E12215541A9DFBC900F6E1CD /* MagnetDynamicTableTests.xctest */,
			);
			name = Products;
			sourceTree = "<group>";
		};
		E122153D1A9DFBC900F6E1CD /* MagnetDynamicTable */ = {
			isa = PBXGroup;
			children = (
				E12215641A9DFBD300F6E1CD /* UI */,
				E12215421A9DFBC900F6E1CD /* AppDelegate.h */,
				E12215431A9DFBC900F6E1CD /* AppDelegate.m */,
				E12215451A9DFBC900F6E1CD /* ViewController.h */,
				E12215461A9DFBC900F6E1CD /* ViewController.m */,
				E12215481A9DFBC900F6E1CD /* Main.storyboard */,
				E122154B1A9DFBC900F6E1CD /* Images.xcassets */,
				E122154D1A9DFBC900F6E1CD /* LaunchScreen.xib */,
				E122153E1A9DFBC900F6E1CD /* Supporting Files */,
				E122156E1A9DFE3F00F6E1CD /* TableViewController.h */,
				E122156F1A9DFE3F00F6E1CD /* TableViewController.m */,
			);
			path = MagnetDynamicTable;
			sourceTree = "<group>";
		};
		E122153E1A9DFBC900F6E1CD /* Supporting Files */ = {
			isa = PBXGroup;
			children = (
				E122153F1A9DFBC900F6E1CD /* Info.plist */,
				E12215401A9DFBC900F6E1CD /* main.m */,
			);
			name = "Supporting Files";
			sourceTree = "<group>";
		};
		E12215571A9DFBC900F6E1CD /* MagnetDynamicTableTests */ = {
			isa = PBXGroup;
			children = (
				E122155A1A9DFBC900F6E1CD /* MagnetDynamicTableTests.m */,
				E12215581A9DFBC900F6E1CD /* Supporting Files */,
			);
			path = MagnetDynamicTableTests;
			sourceTree = "<group>";
		};
		E12215581A9DFBC900F6E1CD /* Supporting Files */ = {
			isa = PBXGroup;
			children = (
				E12215591A9DFBC900F6E1CD /* Info.plist */,
			);
			name = "Supporting Files";
			sourceTree = "<group>";
		};
		E12215641A9DFBD300F6E1CD /* UI */ = {
			isa = PBXGroup;
			children = (
				E122156B1A9DFC2E00F6E1CD /* DynamicTable.h */,
				E122156C1A9DFC2E00F6E1CD /* DynamicTable.m */,
			);
			name = UI;
			sourceTree = "<group>";
		};
/* End PBXGroup section */

/* Begin PBXNativeTarget section */
		E122153A1A9DFBC900F6E1CD /* MagnetDynamicTable */ = {
			isa = PBXNativeTarget;
			buildConfigurationList = E122155E1A9DFBC900F6E1CD /* Build configuration list for PBXNativeTarget "MagnetDynamicTable" */;
			buildPhases = (
				E12215371A9DFBC900F6E1CD /* Sources */,
				E12215381A9DFBC900F6E1CD /* Frameworks */,
				E12215391A9DFBC900F6E1CD /* Resources */,
			);
			buildRules = (
			);
			dependencies = (
			);
			name = MagnetDynamicTable;
			productName = MagnetDynamicTable;
			productReference = E122153B1A9DFBC900F6E1CD /* MagnetDynamicTable.app */;
			productType = "com.apple.product-type.application";
		};
		E12215531A9DFBC900F6E1CD /* MagnetDynamicTableTests */ = {
			isa = PBXNativeTarget;
			buildConfigurationList = E12215611A9DFBC900F6E1CD /* Build configuration list for PBXNativeTarget "MagnetDynamicTableTests" */;
			buildPhases = (
				E12215501A9DFBC900F6E1CD /* Sources */,
				E12215511A9DFBC900F6E1CD /* Frameworks */,
				E12215521A9DFBC900F6E1CD /* Resources */,
			);
			buildRules = (
			);
			dependencies = (
				E12215561A9DFBC900F6E1CD /* PBXTargetDependency */,
			);
			name = MagnetDynamicTableTests;
			productName = MagnetDynamicTableTests;
			productReference = E12215541A9DFBC900F6E1CD /* MagnetDynamicTableTests.xctest */;
			productType = "com.apple.product-type.bundle.unit-test";
		};
/* End PBXNativeTarget section */

/* Begin PBXProject section */
		E12215331A9DFBC900F6E1CD /* Project object */ = {
			isa = PBXProject;
			attributes = {
				LastUpgradeCheck = 0610;
				ORGANIZATIONNAME = macroismicro;
				TargetAttributes = {
					E122153A1A9DFBC900F6E1CD = {
						CreatedOnToolsVersion = 6.1;
					};
					E12215531A9DFBC900F6E1CD = {
						CreatedOnToolsVersion = 6.1;
						TestTargetID = E122153A1A9DFBC900F6E1CD;
					};
				};
			};
			buildConfigurationList = E12215361A9DFBC900F6E1CD /* Build configuration list for PBXProject "MagnetDynamicTable" */;
			compatibilityVersion = "Xcode 3.2";
			developmentRegion = English;
			hasScannedForEncodings = 0;
			knownRegions = (
				en,
				Base,
			);
			mainGroup = E12215321A9DFBC800F6E1CD;
			productRefGroup = E122153C1A9DFBC900F6E1CD /* Products */;
			projectDirPath = "";
			projectRoot = "";
			targets = (
				E122153A1A9DFBC900F6E1CD /* MagnetDynamicTable */,
				E12215531A9DFBC900F6E1CD /* MagnetDynamicTableTests */,
			);
		};
/* End PBXProject section */

/* Begin PBXResourcesBuildPhase section */
		E12215391A9DFBC900F6E1CD /* Resources */ = {
			isa = PBXResourcesBuildPhase;
			buildActionMask = 2147483647;
			files = (
				E122154A1A9DFBC900F6E1CD /* Main.storyboard in Resources */,
				E122154F1A9DFBC900F6E1CD /* LaunchScreen.xib in Resources */,
				E122154C1A9DFBC900F6E1CD /* Images.xcassets in Resources */,
			);
			runOnlyForDeploymentPostprocessing = 0;
		};
		E12215521A9DFBC900F6E1CD /* Resources */ = {
			isa = PBXResourcesBuildPhase;
			buildActionMask = 2147483647;
			files = (
			);
			runOnlyForDeploymentPostprocessing = 0;
		};
/* End PBXResourcesBuildPhase section */

/* Begin PBXSourcesBuildPhase section */
		E12215371A9DFBC900F6E1CD /* Sources */ = {
			isa = PBXSourcesBuildPhase;
			buildActionMask = 2147483647;
			files = (
				E122156D1A9DFC2E00F6E1CD /* DynamicTable.m in Sources */,
				E12215471A9DFBC900F6E1CD /* ViewController.m in Sources */,
				E12215441A9DFBC900F6E1CD /* AppDelegate.m in Sources */,
				E12215411A9DFBC900F6E1CD /* main.m in Sources */,
				E12215701A9DFE3F00F6E1CD /* TableViewController.m in Sources */,
			);
			runOnlyForDeploymentPostprocessing = 0;
		};
		E12215501A9DFBC900F6E1CD /* Sources */ = {
			isa = PBXSourcesBuildPhase;
			buildActionMask = 2147483647;
			files = (
				E122155B1A9DFBC900F6E1CD /* MagnetDynamicTableTests.m in Sources */,
			);
			runOnlyForDeploymentPostprocessing = 0;
		};
/* End PBXSourcesBuildPhase section */

/* Begin PBXTargetDependency section */
		E12215561A9DFBC900F6E1CD /* PBXTargetDependency */ = {
			isa = PBXTargetDependency;
			target = E122153A1A9DFBC900F6E1CD /* MagnetDynamicTable */;
			targetProxy = E12215551A9DFBC900F6E1CD /* PBXContainerItemProxy */;
		};
/* End PBXTargetDependency section */

/* Begin PBXVariantGroup section */
		E12215481A9DFBC900F6E1CD /* Main.storyboard */ = {
			isa = PBXVariantGroup;
			children = (
				E12215491A9DFBC900F6E1CD /* Base */,
			);
			name = Main.storyboard;
			sourceTree = "<group>";
		};
		E122154D1A9DFBC900F6E1CD /* LaunchScreen.xib */ = {
			isa = PBXVariantGroup;
			children = (
				E122154E1A9DFBC900F6E1CD /* Base */,
			);
			name = LaunchScreen.xib;
			sourceTree = "<group>";
		};
/* End PBXVariantGroup section */

/* Begin XCBuildConfiguration section */
		E122155C1A9DFBC900F6E1CD /* Debug */ = {
			isa = XCBuildConfiguration;
			buildSettings = {
				ALWAYS_SEARCH_USER_PATHS = NO;
				CLANG_CXX_LANGUAGE_STANDARD = "gnu++0x";
				CLANG_CXX_LIBRARY = "libc++";
				CLANG_ENABLE_MODULES = YES;
				CLANG_ENABLE_OBJC_ARC = YES;
				CLANG_WARN_BOOL_CONVERSION = YES;
				CLANG_WARN_CONSTANT_CONVERSION = YES;
				CLANG_WARN_DIRECT_OBJC_ISA_USAGE = YES_ERROR;
				CLANG_WARN_EMPTY_BODY = YES;
				CLANG_WARN_ENUM_CONVERSION = YES;
				CLANG_WARN_INT_CONVERSION = YES;
				CLANG_WARN_OBJC_ROOT_CLASS = YES_ERROR;
				CLANG_WARN_UNREACHABLE_CODE = YES;
				CLANG_WARN__DUPLICATE_METHOD_MATCH = YES;
				"CODE_SIGN_IDENTITY[sdk=iphoneos*]" = "iPhone Developer";
				COPY_PHASE_STRIP = NO;
				ENABLE_STRICT_OBJC_MSGSEND = YES;
				GCC_C_LANGUAGE_STANDARD = gnu99;
				GCC_DYNAMIC_NO_PIC = NO;
				GCC_OPTIMIZATION_LEVEL = 0;
				GCC_PREPROCESSOR_DEFINITIONS = (
					"DEBUG=1",
					"$(inherited)",
				);
				GCC_SYMBOLS_PRIVATE_EXTERN = NO;
				GCC_WARN_64_TO_32_BIT_CONVERSION = YES;
				GCC_WARN_ABOUT_RETURN_TYPE = YES_ERROR;
				GCC_WARN_UNDECLARED_SELECTOR = YES;
				GCC_WARN_UNINITIALIZED_AUTOS = YES_AGGRESSIVE;
				GCC_WARN_UNUSED_FUNCTION = YES;
				GCC_WARN_UNUSED_VARIABLE = YES;
				IPHONEOS_DEPLOYMENT_TARGET = 8.1;
				MTL_ENABLE_DEBUG_INFO = YES;
				ONLY_ACTIVE_ARCH = YES;
				SDKROOT = iphoneos;
				TARGETED_DEVICE_FAMILY = "1,2";
			};
			name = Debug;
		};
		E122155D1A9DFBC900F6E1CD /* Release */ = {
			isa = XCBuildConfiguration;
			buildSettings = {
				ALWAYS_SEARCH_USER_PATHS = NO;
				CLANG_CXX_LANGUAGE_STANDARD = "gnu++0x";
				CLANG_CXX_LIBRARY = "libc++";
				CLANG_ENABLE_MODULES = YES;
				CLANG_ENABLE_OBJC_ARC = YES;
				CLANG_WARN_BOOL_CONVERSION = YES;
				CLANG_WARN_CONSTANT_CONVERSION = YES;
				CLANG_WARN_DIRECT_OBJC_ISA_USAGE = YES_ERROR;
				CLANG_WARN_EMPTY_BODY = YES;
				CLANG_WARN_ENUM_CONVERSION = YES;
				CLANG_WARN_INT_CONVERSION = YES;
				CLANG_WARN_OBJC_ROOT_CLASS = YES_ERROR;
				CLANG_WARN_UNREACHABLE_CODE = YES;
				CLANG_WARN__DUPLICATE_METHOD_MATCH = YES;
				"CODE_SIGN_IDENTITY[sdk=iphoneos*]" = "iPhone Developer";
				COPY_PHASE_STRIP = YES;
				ENABLE_NS_ASSERTIONS = NO;
				ENABLE_STRICT_OBJC_MSGSEND = YES;
				GCC_C_LANGUAGE_STANDARD = gnu99;
				GCC_WARN_64_TO_32_BIT_CONVERSION = YES;
				GCC_WARN_ABOUT_RETURN_TYPE = YES_ERROR;
				GCC_WARN_UNDECLARED_SELECTOR = YES;
				GCC_WARN_UNINITIALIZED_AUTOS = YES_AGGRESSIVE;
				GCC_WARN_UNUSED_FUNCTION = YES;
				GCC_WARN_UNUSED_VARIABLE = YES;
				IPHONEOS_DEPLOYMENT_TARGET = 8.1;
				MTL_ENABLE_DEBUG_INFO = NO;
				SDKROOT = iphoneos;
				TARGETED_DEVICE_FAMILY = "1,2";
				VALIDATE_PRODUCT = YES;
			};
			name = Release;
		};
		E122155F1A9DFBC900F6E1CD /* Debug */ = {
			isa = XCBuildConfiguration;
			buildSettings = {
				ASSETCATALOG_COMPILER_APPICON_NAME = AppIcon;
				INFOPLIST_FILE = MagnetDynamicTable/Info.plist;
				LD_RUNPATH_SEARCH_PATHS = "$(inherited) @executable_path/Frameworks";
				PRODUCT_NAME = "$(TARGET_NAME)";
			};
			name = Debug;
		};
		E12215601A9DFBC900F6E1CD /* Release */ = {
			isa = XCBuildConfiguration;
			buildSettings = {
				ASSETCATALOG_COMPILER_APPICON_NAME = AppIcon;
				INFOPLIST_FILE = MagnetDynamicTable/Info.plist;
				LD_RUNPATH_SEARCH_PATHS = "$(inherited) @executable_path/Frameworks";
				PRODUCT_NAME = "$(TARGET_NAME)";
			};
			name = Release;
		};
		E12215621A9DFBC900F6E1CD /* Debug */ = {
			isa = XCBuildConfiguration;
			buildSettings = {
				BUNDLE_LOADER = "$(TEST_HOST)";
				FRAMEWORK_SEARCH_PATHS = (
					"$(SDKROOT)/Developer/Library/Frameworks",
					"$(inherited)",
				);
				GCC_PREPROCESSOR_DEFINITIONS = (
					"DEBUG=1",
					"$(inherited)",
				);
				INFOPLIST_FILE = MagnetDynamicTableTests/Info.plist;
				LD_RUNPATH_SEARCH_PATHS = "$(inherited) @executable_path/Frameworks @loader_path/Frameworks";
				PRODUCT_NAME = "$(TARGET_NAME)";
				TEST_HOST = "$(BUILT_PRODUCTS_DIR)/MagnetDynamicTable.app/MagnetDynamicTable";
			};
			name = Debug;
		};
		E12215631A9DFBC900F6E1CD /* Release */ = {
			isa = XCBuildConfiguration;
			buildSettings = {
				BUNDLE_LOADER = "$(TEST_HOST)";
				FRAMEWORK_SEARCH_PATHS = (
					"$(SDKROOT)/Developer/Library/Frameworks",
					"$(inherited)",
				);
				INFOPLIST_FILE = MagnetDynamicTableTests/Info.plist;
				LD_RUNPATH_SEARCH_PATHS = "$(inherited) @executable_path/Frameworks @loader_path/Frameworks";
				PRODUCT_NAME = "$(TARGET_NAME)";
				TEST_HOST = "$(BUILT_PRODUCTS_DIR)/MagnetDynamicTable.app/MagnetDynamicTable";
			};
			name = Release;
		};
/* End XCBuildConfiguration section */

/* Begin XCConfigurationList section */
		E12215361A9DFBC900F6E1CD /* Build configuration list for PBXProject "MagnetDynamicTable" */ = {
			isa = XCConfigurationList;
			buildConfigurations = (
				E122155C1A9DFBC900F6E1CD /* Debug */,
				E122155D1A9DFBC900F6E1CD /* Release */,
			);
			defaultConfigurationIsVisible = 0;
			defaultConfigurationName = Release;
		};
		E122155E1A9DFBC900F6E1CD /* Build configuration list for PBXNativeTarget "MagnetDynamicTable" */ = {
			isa = XCConfigurationList;
			buildConfigurations = (
				E122155F1A9DFBC900F6E1CD /* Debug */,
				E12215601A9DFBC900F6E1CD /* Release */,
			);
			defaultConfigurationIsVisible = 0;
			defaultConfigurationName = Release;
		};
		E12215611A9DFBC900F6E1CD /* Build configuration list for PBXNativeTarget "MagnetDynamicTableTests" */ = {
			isa = XCConfigurationList;
			buildConfigurations = (
				E12215621A9DFBC900F6E1CD /* Debug */,
				E12215631A9DFBC900F6E1CD /* Release */,
			);
			defaultConfigurationIsVisible = 0;
			defaultConfigurationName = Release;
		};
/* End XCConfigurationList section */
	};
	rootObject = E12215331A9DFBC900F6E1CD /* Project object */;
}
